
Microsoft Visual Studio Solution File, Format Version 12.00
# Visual Studio Version 17
VisualStudioVersion = 17.11.35312.102
MinimumVisualStudioVersion = 10.0.40219.1
Project("{FAE04EC0-301F-11D3-BF4B-00C04F79EFBC}") = "IDT2025", "IDT2025.csproj", "{5999B9B5-17E8-4046-85EF-739AA75454DF}"
EndProject
Global
	GlobalSection(SolutionConfigurationPlatforms) = preSolution
		Debug|Any CPU = Debug|Any CPU
		Release|Any CPU = Release|Any CPU
	EndGlobalSection
	GlobalSection(ProjectConfigurationPlatforms) = postSolution
		{5999B9B5-17E8-4046-85EF-739AA75454DF}.Debug|Any CPU.ActiveCfg = Debug|Any CPU
		{5999B9B5-17E8-4046-85EF-739AA75454DF}.Debug|Any CPU.Build.0 = Debug|Any CPU
		{5999B9B5-17E8-4046-85EF-739AA75454DF}.Release|Any CPU.ActiveCfg = Release|Any CPU
		{5999B9B5-17E8-4046-85EF-739AA75454DF}.Release|Any CPU.Build.0 = Release|Any CPU
	EndGlobalSection
	GlobalSection(SolutionProperties) = preSolution
		HideSolutionNode = FALSE
	EndGlobalSection
	GlobalSection(ExtensibilityGlobals) = postSolution
		SolutionGuid = {2247E8C8-E9A3-46D4-8E69-B5D9461D4752}
	EndGlobalSection
EndGlobal
